codeberg.org/ilius/go-dict-commons v0.7.0 h1:NrE5pfnMCenvqNYex2zik+lWu/XW1mJrEfLFYptbhNQ=
codeberg.org/ilius/go-dict-commons v0.7.0/go.mod h1:BUl3oh0AjP8vW4oDaNSrzjArPeHAf80tRYZzGRhqTxo=
github.com/ilius/glob v0.0.0-20250212111036-4c41f838a304 h1:hrjENbAZEBbffGaAhD6Wd4t1pKUp54wXtKQ4FsMXh/4=
github.com/ilius/glob v0.0.0-20250212111036-4c41f838a304/go.mod h1:hp4bF1pIJfwcFirp8JaYh3xPs6DPQ/yP1BsTkpVNAg8=
